// !$*UTF8*$!
{
	archiveVersion = 1;
	classes = {
	};
	objectVersion = 56;
	objects = {

/* Begin PBXBuildFile section */
		843412B22B710D6C00020CBF /* FeedbackViewModel.swift in Sources */ = {isa = PBXBuildFile; fileRef = 843412B12B710D6C00020CBF /* FeedbackViewModel.swift */; };
		843412B42B710D9C00020CBF /* FeatureViewModel.swift in Sources */ = {isa = PBXBuildFile; fileRef = 843412B32B710D9C00020CBF /* FeatureViewModel.swift */; };
		843412B62B71251C00020CBF /* Date+Extensions.swift in Sources */ = {isa = PBXBuildFile; fileRef = 843412B52B71251C00020CBF /* Date+Extensions.swift */; };
		84DF36C32B6AADB40025B938 /* AppDelegate.swift in Sources */ = {isa = PBXBuildFile; fileRef = 84DF36C22B6AADB40025B938 /* AppDelegate.swift */; };
		84DF36C52B6AADB40025B938 /* SceneDelegate.swift in Sources */ = {isa = PBXBuildFile; fileRef = 84DF36C42B6AADB40025B938 /* SceneDelegate.swift */; };
		84DF36C72B6AADB40025B938 /* SparViewController.swift in Sources */ = {isa = PBXBuildFile; fileRef = 84DF36C62B6AADB40025B938 /* SparViewController.swift */; };
		84DF36CF2B6AADB80025B938 /* LaunchScreen.storyboard in Resources */ = {isa = PBXBuildFile; fileRef = 84DF36CD2B6AADB80025B938 /* LaunchScreen.storyboard */; };
		84DF36D72B6B72940025B938 /* Assets.xcassets in Resources */ = {isa = PBXBuildFile; fileRef = 84DF36D62B6B72940025B938 /* Assets.xcassets */; };
		84DF36D92B6B7A5F0025B938 /* Colors.swift in Sources */ = {isa = PBXBuildFile; fileRef = 84DF36D82B6B7A5F0025B938 /* Colors.swift */; };
		84DF36DB2B6B7A920025B938 /* Images.swift in Sources */ = {isa = PBXBuildFile; fileRef = 84DF36DA2B6B7A920025B938 /* Images.swift */; };
		84DF36DE2B6BB4360025B938 /* String+Extensions.swift in Sources */ = {isa = PBXBuildFile; fileRef = 84DF36DD2B6BB4360025B938 /* String+Extensions.swift */; };
		84DF36E22B6BB4A10025B938 /* Localizable.strings in Resources */ = {isa = PBXBuildFile; fileRef = 84DF36E12B6BB4A10025B938 /* Localizable.strings */; };
		84DF36E42B6BB82A0025B938 /* Localizable.stringsdict in Resources */ = {isa = PBXBuildFile; fileRef = 84DF36E32B6BB82A0025B938 /* Localizable.stringsdict */; };
		84DF36E62B6BDCAF0025B938 /* SparPresenter.swift in Sources */ = {isa = PBXBuildFile; fileRef = 84DF36E52B6BDCAF0025B938 /* SparPresenter.swift */; };
		84DF36E82B6CF1730025B938 /* Strings.swift in Sources */ = {isa = PBXBuildFile; fileRef = 84DF36E72B6CF1730025B938 /* Strings.swift */; };
		84DF36EA2B6D16F00025B938 /* FeaturesTableView.swift in Sources */ = {isa = PBXBuildFile; fileRef = 84DF36E92B6D16F00025B938 /* FeaturesTableView.swift */; };
		84DF36EC2B6D2AA40025B938 /* FeaturesTableViewCell.swift in Sources */ = {isa = PBXBuildFile; fileRef = 84DF36EB2B6D2AA40025B938 /* FeaturesTableViewCell.swift */; };
		84F19A992B70E8F800DB52C3 /* FeedbacksCollectionView.swift in Sources */ = {isa = PBXBuildFile; fileRef = 84F19A982B70E8F800DB52C3 /* FeedbacksCollectionView.swift */; };
		84F19A9B2B70EAE900DB52C3 /* FeedbacksCollectionViewCell.swift in Sources */ = {isa = PBXBuildFile; fileRef = 84F19A9A2B70EAE900DB52C3 /* FeedbacksCollectionViewCell.swift */; };
/* End PBXBuildFile section */

/* Begin PBXFileReference section */
		843412B12B710D6C00020CBF /* FeedbackViewModel.swift */ = {isa = PBXFileReference; lastKnownFileType = sourcecode.swift; path = FeedbackViewModel.swift; sourceTree = "<group>"; };
		843412B32B710D9C00020CBF /* FeatureViewModel.swift */ = {isa = PBXFileReference; lastKnownFileType = sourcecode.swift; path = FeatureViewModel.swift; sourceTree = "<group>"; };
		843412B52B71251C00020CBF /* Date+Extensions.swift */ = {isa = PBXFileReference; lastKnownFileType = sourcecode.swift; path = "Date+Extensions.swift"; sourceTree = "<group>"; };
		84DF36BF2B6AADB40025B938 /* SparTest.app */ = {isa = PBXFileReference; explicitFileType = wrapper.application; includeInIndex = 0; path = SparTest.app; sourceTree = BUILT_PRODUCTS_DIR; };
		84DF36C22B6AADB40025B938 /* AppDelegate.swift */ = {isa = PBXFileReference; lastKnownFileType = sourcecode.swift; path = AppDelegate.swift; sourceTree = "<group>"; };
		84DF36C42B6AADB40025B938 /* SceneDelegate.swift */ = {isa = PBXFileReference; lastKnownFileType = sourcecode.swift; path = SceneDelegate.swift; sourceTree = "<group>"; };
		84DF36C62B6AADB40025B938 /* SparViewController.swift */ = {isa = PBXFileReference; lastKnownFileType = sourcecode.swift; path = SparViewController.swift; sourceTree = "<group>"; };
		84DF36CE2B6AADB80025B938 /* Base */ = {isa = PBXFileReference; lastKnownFileType = file.storyboard; name = Base; path = Base.lproj/LaunchScreen.storyboard; sourceTree = "<group>"; };
		84DF36D02B6AADB80025B938 /* Info.plist */ = {isa = PBXFileReference; lastKnownFileType = text.plist.xml; path = Info.plist; sourceTree = "<group>"; };
		84DF36D62B6B72940025B938 /* Assets.xcassets */ = {isa = PBXFileReference; lastKnownFileType = folder.assetcatalog; path = Assets.xcassets; sourceTree = "<group>"; };
		84DF36D82B6B7A5F0025B938 /* Colors.swift */ = {isa = PBXFileReference; lastKnownFileType = sourcecode.swift; path = Colors.swift; sourceTree = "<group>"; };
		84DF36DA2B6B7A920025B938 /* Images.swift */ = {isa = PBXFileReference; lastKnownFileType = sourcecode.swift; path = Images.swift; sourceTree = "<group>"; };
		84DF36DD2B6BB4360025B938 /* String+Extensions.swift */ = {isa = PBXFileReference; lastKnownFileType = sourcecode.swift; path = "String+Extensions.swift"; sourceTree = "<group>"; };
		84DF36E12B6BB4A10025B938 /* Localizable.strings */ = {isa = PBXFileReference; lastKnownFileType = text.plist.strings; path = Localizable.strings; sourceTree = "<group>"; };
		84DF36E32B6BB82A0025B938 /* Localizable.stringsdict */ = {isa = PBXFileReference; lastKnownFileType = text.plist.stringsdict; path = Localizable.stringsdict; sourceTree = "<group>"; };
		84DF36E52B6BDCAF0025B938 /* SparPresenter.swift */ = {isa = PBXFileReference; lastKnownFileType = sourcecode.swift; path = SparPresenter.swift; sourceTree = "<group>"; };
		84DF36E72B6CF1730025B938 /* Strings.swift */ = {isa = PBXFileReference; lastKnownFileType = sourcecode.swift; path = Strings.swift; sourceTree = "<group>"; };
		84DF36E92B6D16F00025B938 /* FeaturesTableView.swift */ = {isa = PBXFileReference; lastKnownFileType = sourcecode.swift; path = FeaturesTableView.swift; sourceTree = "<group>"; };
		84DF36EB2B6D2AA40025B938 /* FeaturesTableViewCell.swift */ = {isa = PBXFileReference; lastKnownFileType = sourcecode.swift; path = FeaturesTableViewCell.swift; sourceTree = "<group>"; };
		84F19A982B70E8F800DB52C3 /* FeedbacksCollectionView.swift */ = {isa = PBXFileReference; lastKnownFileType = sourcecode.swift; path = FeedbacksCollectionView.swift; sourceTree = "<group>"; };
		84F19A9A2B70EAE900DB52C3 /* FeedbacksCollectionViewCell.swift */ = {isa = PBXFileReference; lastKnownFileType = sourcecode.swift; path = FeedbacksCollectionViewCell.swift; sourceTree = "<group>"; };
/* End PBXFileReference section */

/* Begin PBXFrameworksBuildPhase section */
		84DF36BC2B6AADB40025B938 /* Frameworks */ = {
			isa = PBXFrameworksBuildPhase;
			buildActionMask = 2147483647;
			files = (
			);
			runOnlyForDeploymentPostprocessing = 0;
		};
/* End PBXFrameworksBuildPhase section */

/* Begin PBXGroup section */
		843412B02B710D4100020CBF /* ViewModels */ = {
			isa = PBXGroup;
			children = (
				843412B32B710D9C00020CBF /* FeatureViewModel.swift */,
				843412B12B710D6C00020CBF /* FeedbackViewModel.swift */,
			);
			path = ViewModels;
			sourceTree = "<group>";
		};
		843412B72B712CE800020CBF /* Main */ = {
			isa = PBXGroup;
			children = (
				84DF36C62B6AADB40025B938 /* SparViewController.swift */,
				84DF36E52B6BDCAF0025B938 /* SparPresenter.swift */,
				84DF36E92B6D16F00025B938 /* FeaturesTableView.swift */,
				84DF36EB2B6D2AA40025B938 /* FeaturesTableViewCell.swift */,
				84F19A982B70E8F800DB52C3 /* FeedbacksCollectionView.swift */,
				84F19A9A2B70EAE900DB52C3 /* FeedbacksCollectionViewCell.swift */,
			);
			path = Main;
			sourceTree = "<group>";
		};
		84DF36B62B6AADB40025B938 = {
			isa = PBXGroup;
			children = (
				84DF36C12B6AADB40025B938 /* SparTest */,
				84DF36C02B6AADB40025B938 /* Products */,
			);
			sourceTree = "<group>";
		};
		84DF36C02B6AADB40025B938 /* Products */ = {
			isa = PBXGroup;
			children = (
				84DF36BF2B6AADB40025B938 /* SparTest.app */,
			);
			name = Products;
			sourceTree = "<group>";
		};
		84DF36C12B6AADB40025B938 /* SparTest */ = {
			isa = PBXGroup;
			children = (
				84DF36C22B6AADB40025B938 /* AppDelegate.swift */,
				84DF36C42B6AADB40025B938 /* SceneDelegate.swift */,
				84DF36DC2B6BB41E0025B938 /* Extensions */,
				84DF36E02B6BB4580025B938 /* Scenes */,
				843412B02B710D4100020CBF /* ViewModels */,
				84DF36DF2B6BB43F0025B938 /* Resources */,
				84DF36D02B6AADB80025B938 /* Info.plist */,
			);
			path = SparTest;
			sourceTree = "<group>";
		};
		84DF36DC2B6BB41E0025B938 /* Extensions */ = {
			isa = PBXGroup;
			children = (
				84DF36DD2B6BB4360025B938 /* String+Extensions.swift */,
				843412B52B71251C00020CBF /* Date+Extensions.swift */,
			);
			path = Extensions;
			sourceTree = "<group>";
		};
		84DF36DF2B6BB43F0025B938 /* Resources */ = {
			isa = PBXGroup;
			children = (
				84DF36D62B6B72940025B938 /* Assets.xcassets */,
				84DF36D82B6B7A5F0025B938 /* Colors.swift */,
				84DF36DA2B6B7A920025B938 /* Images.swift */,
				84DF36E72B6CF1730025B938 /* Strings.swift */,
				84DF36E12B6BB4A10025B938 /* Localizable.strings */,
				84DF36E32B6BB82A0025B938 /* Localizable.stringsdict */,
			);
			path = Resources;
			sourceTree = "<group>";
		};
		84DF36E02B6BB4580025B938 /* Scenes */ = {
			isa = PBXGroup;
			children = (
				84DF36CD2B6AADB80025B938 /* LaunchScreen.storyboard */,
				843412B72B712CE800020CBF /* Main */,
			);
			path = Scenes;
			sourceTree = "<group>";
		};
/* End PBXGroup section */

/* Begin PBXNativeTarget section */
		84DF36BE2B6AADB40025B938 /* SparTest */ = {
			isa = PBXNativeTarget;
			buildConfigurationList = 84DF36D32B6AADB80025B938 /* Build configuration list for PBXNativeTarget "SparTest" */;
			buildPhases = (
				84DF36BB2B6AADB40025B938 /* Sources */,
				84DF36BC2B6AADB40025B938 /* Frameworks */,
				84DF36BD2B6AADB40025B938 /* Resources */,
			);
			buildRules = (
			);
			dependencies = (
			);
			name = SparTest;
			productName = SparTest;
			productReference = 84DF36BF2B6AADB40025B938 /* SparTest.app */;
			productType = "com.apple.product-type.application";
		};
/* End PBXNativeTarget section */

/* Begin PBXProject section */
		84DF36B72B6AADB40025B938 /* Project object */ = {
			isa = PBXProject;
			attributes = {
				BuildIndependentTargetsInParallel = 1;
				LastSwiftUpdateCheck = 1420;
				LastUpgradeCheck = 1420;
				TargetAttributes = {
					84DF36BE2B6AADB40025B938 = {
						CreatedOnToolsVersion = 14.2;
					};
				};
			};
			buildConfigurationList = 84DF36BA2B6AADB40025B938 /* Build configuration list for PBXProject "SparTest" */;
			compatibilityVersion = "Xcode 14.0";
			developmentRegion = en;
			hasScannedForEncodings = 0;
			knownRegions = (
				en,
				Base,
			);
			mainGroup = 84DF36B62B6AADB40025B938;
			productRefGroup = 84DF36C02B6AADB40025B938 /* Products */;
			projectDirPath = "";
			projectRoot = "";
			targets = (
				84DF36BE2B6AADB40025B938 /* SparTest */,
			);
		};
/* End PBXProject section */

/* Begin PBXResourcesBuildPhase section */
		84DF36BD2B6AADB40025B938 /* Resources */ = {
			isa = PBXResourcesBuildPhase;
			buildActionMask = 2147483647;
			files = (
				84DF36D72B6B72940025B938 /* Assets.xcassets in Resources */,
				84DF36E42B6BB82A0025B938 /* Localizable.stringsdict in Resources */,
				84DF36E22B6BB4A10025B938 /* Localizable.strings in Resources */,
				84DF36CF2B6AADB80025B938 /* LaunchScreen.storyboard in Resources */,
			);
			runOnlyForDeploymentPostprocessing = 0;
		};
/* End PBXResourcesBuildPhase section */

/* Begin PBXSourcesBuildPhase section */
		84DF36BB2B6AADB40025B938 /* Sources */ = {
			isa = PBXSourcesBuildPhase;
			buildActionMask = 2147483647;
			files = (
				84DF36C72B6AADB40025B938 /* SparViewController.swift in Sources */,
				843412B42B710D9C00020CBF /* FeatureViewModel.swift in Sources */,
				84F19A992B70E8F800DB52C3 /* FeedbacksCollectionView.swift in Sources */,
				84F19A9B2B70EAE900DB52C3 /* FeedbacksCollectionViewCell.swift in Sources */,
				843412B22B710D6C00020CBF /* FeedbackViewModel.swift in Sources */,
				84DF36D92B6B7A5F0025B938 /* Colors.swift in Sources */,
				84DF36E82B6CF1730025B938 /* Strings.swift in Sources */,
				84DF36EA2B6D16F00025B938 /* FeaturesTableView.swift in Sources */,
				843412B62B71251C00020CBF /* Date+Extensions.swift in Sources */,
				84DF36EC2B6D2AA40025B938 /* FeaturesTableViewCell.swift in Sources */,
				84DF36DB2B6B7A920025B938 /* Images.swift in Sources */,
				84DF36C32B6AADB40025B938 /* AppDelegate.swift in Sources */,
				84DF36DE2B6BB4360025B938 /* String+Extensions.swift in Sources */,
				84DF36E62B6BDCAF0025B938 /* SparPresenter.swift in Sources */,
				84DF36C52B6AADB40025B938 /* SceneDelegate.swift in Sources */,
			);
			runOnlyForDeploymentPostprocessing = 0;
		};
/* End PBXSourcesBuildPhase section */

/* Begin PBXVariantGroup section */
		84DF36CD2B6AADB80025B938 /* LaunchScreen.storyboard */ = {
			isa = PBXVariantGroup;
			children = (
				84DF36CE2B6AADB80025B938 /* Base */,
			);
			name = LaunchScreen.storyboard;
			sourceTree = "<group>";
		};
/* End PBXVariantGroup section */

/* Begin XCBuildConfiguration section */
		84DF36D12B6AADB80025B938 /* Debug */ = {
			isa = XCBuildConfiguration;
			buildSettings = {
				ALWAYS_SEARCH_USER_PATHS = NO;
				CLANG_ANALYZER_NONNULL = YES;
				CLANG_ANALYZER_NUMBER_OBJECT_CONVERSION = YES_AGGRESSIVE;
				CLANG_CXX_LANGUAGE_STANDARD = "gnu++20";
				CLANG_ENABLE_MODULES = YES;
				CLANG_ENABLE_OBJC_ARC = YES;
				CLANG_ENABLE_OBJC_WEAK = YES;
				CLANG_WARN_BLOCK_CAPTURE_AUTORELEASING = YES;
				CLANG_WARN_BOOL_CONVERSION = YES;
				CLANG_WARN_COMMA = YES;
				CLANG_WARN_CONSTANT_CONVERSION = YES;
				CLANG_WARN_DEPRECATED_OBJC_IMPLEMENTATIONS = YES;
				CLANG_WARN_DIRECT_OBJC_ISA_USAGE = YES_ERROR;
				CLANG_WARN_DOCUMENTATION_COMMENTS = YES;
				CLANG_WARN_EMPTY_BODY = YES;
				CLANG_WARN_ENUM_CONVERSION = YES;
				CLANG_WARN_INFINITE_RECURSION = YES;
				CLANG_WARN_INT_CONVERSION = YES;
				CLANG_WARN_NON_LITERAL_NULL_CONVERSION = YES;
				CLANG_WARN_OBJC_IMPLICIT_RETAIN_SELF = YES;
				CLANG_WARN_OBJC_LITERAL_CONVERSION = YES;
				CLANG_WARN_OBJC_ROOT_CLASS = YES_ERROR;
				CLANG_WARN_QUOTED_INCLUDE_IN_FRAMEWORK_HEADER = YES;
				CLANG_WARN_RANGE_LOOP_ANALYSIS = YES;
				CLANG_WARN_STRICT_PROTOTYPES = YES;
				CLANG_WARN_SUSPICIOUS_MOVE = YES;
				CLANG_WARN_UNGUARDED_AVAILABILITY = YES_AGGRESSIVE;
				CLANG_WARN_UNREACHABLE_CODE = YES;
				CLANG_WARN__DUPLICATE_METHOD_MATCH = YES;
				COPY_PHASE_STRIP = NO;
				DEBUG_INFORMATION_FORMAT = dwarf;
				ENABLE_STRICT_OBJC_MSGSEND = YES;
				ENABLE_TESTABILITY = YES;
				GCC_C_LANGUAGE_STANDARD = gnu11;
				GCC_DYNAMIC_NO_PIC = NO;
				GCC_NO_COMMON_BLOCKS = YES;
				GCC_OPTIMIZATION_LEVEL = 0;
				GCC_PREPROCESSOR_DEFINITIONS = (
					"DEBUG=1",
					"$(inherited)",
				);
				GCC_WARN_64_TO_32_BIT_CONVERSION = YES;
				GCC_WARN_ABOUT_RETURN_TYPE = YES_ERROR;
				GCC_WARN_UNDECLARED_SELECTOR = YES;
				GCC_WARN_UNINITIALIZED_AUTOS = YES_AGGRESSIVE;
				GCC_WARN_UNUSED_FUNCTION = YES;
				GCC_WARN_UNUSED_VARIABLE = YES;
				IPHONEOS_DEPLOYMENT_TARGET = 14.0;
				MTL_ENABLE_DEBUG_INFO = INCLUDE_SOURCE;
				MTL_FAST_MATH = YES;
				ONLY_ACTIVE_ARCH = YES;
				SDKROOT = iphoneos;
				SWIFT_ACTIVE_COMPILATION_CONDITIONS = DEBUG;
				SWIFT_OPTIMIZATION_LEVEL = "-Onone";
			};
			name = Debug;
		};
		84DF36D22B6AADB80025B938 /* Release */ = {
			isa = XCBuildConfiguration;
			buildSettings = {
				ALWAYS_SEARCH_USER_PATHS = NO;
				CLANG_ANALYZER_NONNULL = YES;
				CLANG_ANALYZER_NUMBER_OBJECT_CONVERSION = YES_AGGRESSIVE;
				CLANG_CXX_LANGUAGE_STANDARD = "gnu++20";
				CLANG_ENABLE_MODULES = YES;
				CLANG_ENABLE_OBJC_ARC = YES;
				CLANG_ENABLE_OBJC_WEAK = YES;
				CLANG_WARN_BLOCK_CAPTURE_AUTORELEASING = YES;
				CLANG_WARN_BOOL_CONVERSION = YES;
				CLANG_WARN_COMMA = YES;
				CLANG_WARN_CONSTANT_CONVERSION = YES;
				CLANG_WARN_DEPRECATED_OBJC_IMPLEMENTATIONS = YES;
				CLANG_WARN_DIRECT_OBJC_ISA_USAGE = YES_ERROR;
				CLANG_WARN_DOCUMENTATION_COMMENTS = YES;
				CLANG_WARN_EMPTY_BODY = YES;
				CLANG_WARN_ENUM_CONVERSION = YES;
				CLANG_WARN_INFINITE_RECURSION = YES;
				CLANG_WARN_INT_CONVERSION = YES;
				CLANG_WARN_NON_LITERAL_NULL_CONVERSION = YES;
				CLANG_WARN_OBJC_IMPLICIT_RETAIN_SELF = YES;
				CLANG_WARN_OBJC_LITERAL_CONVERSION = YES;
				CLANG_WARN_OBJC_ROOT_CLASS = YES_ERROR;
				CLANG_WARN_QUOTED_INCLUDE_IN_FRAMEWORK_HEADER = YES;
				CLANG_WARN_RANGE_LOOP_ANALYSIS = YES;
				CLANG_WARN_STRICT_PROTOTYPES = YES;
				CLANG_WARN_SUSPICIOUS_MOVE = YES;
				CLANG_WARN_UNGUARDED_AVAILABILITY = YES_AGGRESSIVE;
				CLANG_WARN_UNREACHABLE_CODE = YES;
				CLANG_WARN__DUPLICATE_METHOD_MATCH = YES;
				COPY_PHASE_STRIP = NO;
				DEBUG_INFORMATION_FORMAT = "dwarf-with-dsym";
				ENABLE_NS_ASSERTIONS = NO;
				ENABLE_STRICT_OBJC_MSGSEND = YES;
				GCC_C_LANGUAGE_STANDARD = gnu11;
				GCC_NO_COMMON_BLOCKS = YES;
				GCC_WARN_64_TO_32_BIT_CONVERSION = YES;
				GCC_WARN_ABOUT_RETURN_TYPE = YES_ERROR;
				GCC_WARN_UNDECLARED_SELECTOR = YES;
				GCC_WARN_UNINITIALIZED_AUTOS = YES_AGGRESSIVE;
				GCC_WARN_UNUSED_FUNCTION = YES;
				GCC_WARN_UNUSED_VARIABLE = YES;
				IPHONEOS_DEPLOYMENT_TARGET = 14.0;
				MTL_ENABLE_DEBUG_INFO = NO;
				MTL_FAST_MATH = YES;
				SDKROOT = iphoneos;
				SWIFT_COMPILATION_MODE = wholemodule;
				SWIFT_OPTIMIZATION_LEVEL = "-O";
				VALIDATE_PRODUCT = YES;
			};
			name = Release;
		};
		84DF36D42B6AADB80025B938 /* Debug */ = {
			isa = XCBuildConfiguration;
			buildSettings = {
				ASSETCATALOG_COMPILER_APPICON_NAME = AppIcon;
				ASSETCATALOG_COMPILER_GLOBAL_ACCENT_COLOR_NAME = AccentColor;
				CODE_SIGN_STYLE = Automatic;
				CURRENT_PROJECT_VERSION = 1;
				DEVELOPMENT_TEAM = Q9BL3YJ6S3;
				GENERATE_INFOPLIST_FILE = YES;
				INFOPLIST_FILE = SparTest/Info.plist;
				INFOPLIST_KEY_UIApplicationSupportsIndirectInputEvents = YES;
				INFOPLIST_KEY_UILaunchStoryboardName = LaunchScreen;
				INFOPLIST_KEY_UIMainStoryboardFile = "";
				INFOPLIST_KEY_UISupportedInterfaceOrientations_iPad = "UIInterfaceOrientationPortrait UIInterfaceOrientationPortraitUpsideDown UIInterfaceOrientationLandscapeLeft UIInterfaceOrientationLandscapeRight";
				INFOPLIST_KEY_UISupportedInterfaceOrientations_iPhone = "UIInterfaceOrientationPortrait UIInterfaceOrientationLandscapeLeft UIInterfaceOrientationLandscapeRight";
				IPHONEOS_DEPLOYMENT_TARGET = 14.0;
				LD_RUNPATH_SEARCH_PATHS = (
					"$(inherited)",
					"@executable_path/Frameworks",
				);
				MARKETING_VERSION = 1.0;
				PRODUCT_BUNDLE_IDENTIFIER = ru.yandex.practicum.ognerub.SparTest;
				PRODUCT_NAME = "$(TARGET_NAME)";
				SUPPORTED_PLATFORMS = "iphoneos iphonesimulator";
				SUPPORTS_MACCATALYST = NO;
				SUPPORTS_MAC_DESIGNED_FOR_IPHONE_IPAD = NO;
				SWIFT_EMIT_LOC_STRINGS = YES;
				SWIFT_VERSION = 5.0;
				TARGETED_DEVICE_FAMILY = 1;
			};
			name = Debug;
		};
		84DF36D52B6AADB80025B938 /* Release */ = {
			isa = XCBuildConfiguration;
			buildSettings = {
				ASSETCATALOG_COMPILER_APPICON_NAME = AppIcon;
				ASSETCATALOG_COMPILER_GLOBAL_ACCENT_COLOR_NAME = AccentColor;
				CODE_SIGN_STYLE = Automatic;
				CURRENT_PROJECT_VERSION = 1;
				DEVELOPMENT_TEAM = Q9BL3YJ6S3;
				GENERATE_INFOPLIST_FILE = YES;
				INFOPLIST_FILE = SparTest/Info.plist;
				INFOPLIST_KEY_UIApplicationSupportsIndirectInputEvents = YES;
				INFOPLIST_KEY_UILaunchStoryboardName = LaunchScreen;
				INFOPLIST_KEY_UIMainStoryboardFile = "";
				INFOPLIST_KEY_UISupportedInterfaceOrientations_iPad = "UIInterfaceOrientationPortrait UIInterfaceOrientationPortraitUpsideDown UIInterfaceOrientationLandscapeLeft UIInterfaceOrientationLandscapeRight";
				INFOPLIST_KEY_UISupportedInterfaceOrientations_iPhone = "UIInterfaceOrientationPortrait UIInterfaceOrientationLandscapeLeft UIInterfaceOrientationLandscapeRight";
				IPHONEOS_DEPLOYMENT_TARGET = 14.0;
				LD_RUNPATH_SEARCH_PATHS = (
					"$(inherited)",
					"@executable_path/Frameworks",
				);
				MARKETING_VERSION = 1.0;
				PRODUCT_BUNDLE_IDENTIFIER = ru.yandex.practicum.ognerub.SparTest;
				PRODUCT_NAME = "$(TARGET_NAME)";
				SUPPORTED_PLATFORMS = "iphoneos iphonesimulator";
				SUPPORTS_MACCATALYST = NO;
				SUPPORTS_MAC_DESIGNED_FOR_IPHONE_IPAD = NO;
				SWIFT_EMIT_LOC_STRINGS = YES;
				SWIFT_VERSION = 5.0;
				TARGETED_DEVICE_FAMILY = 1;
			};
			name = Release;
		};
/* End XCBuildConfiguration section */

/* Begin XCConfigurationList section */
		84DF36BA2B6AADB40025B938 /* Build configuration list for PBXProject "SparTest" */ = {
			isa = XCConfigurationList;
			buildConfigurations = (
				84DF36D12B6AADB80025B938 /* Debug */,
				84DF36D22B6AADB80025B938 /* Release */,
			);
			defaultConfigurationIsVisible = 0;
			defaultConfigurationName = Release;
		};
		84DF36D32B6AADB80025B938 /* Build configuration list for PBXNativeTarget "SparTest" */ = {
			isa = XCConfigurationList;
			buildConfigurations = (
				84DF36D42B6AADB80025B938 /* Debug */,
				84DF36D52B6AADB80025B938 /* Release */,
			);
			defaultConfigurationIsVisible = 0;
			defaultConfigurationName = Release;
		};
/* End XCConfigurationList section */
	};
	rootObject = 84DF36B72B6AADB40025B938 /* Project object */;
}
